# Generated by buf. DO NOT EDIT.
version: v1
deps:
  - remote: buf.build
    owner: conduitio
    repository: conduit-connector-protocol
    commit: 73c233355d144c6d8d0a8f765b60c3c7
    digest: shake256:7179582c72d6cb45b31296f47f6210848d015e9643f7210cd6121a9c44d2316cd64679e27780abb4ba51ad8d7bd0bff795613708bd93485551f1af3ab6daaf9e
  - remote: buf.build
    owner: envoyproxy
    repository: protoc-gen-validate
    commit: 71881f09a0c5420a9545a07987a86728
    digest: shake256:d320bbf06653b1b2b45a1f95bfa82bf7b998221a777a042708c50d6f86a30d1a85b50c5704c597142d9b308280efe1295d39d76d1abea5f7046d3df4c8cc3cef
  - remote: buf.build
    owner: googleapis
    repository: googleapis
    commit: a86849a25cc04f4dbe9b15ddddfbc488
    digest: shake256:e19143328f8cbfe13fc226aeee5e63773ca494693a72740a7560664270039a380d94a1344234b88c7691311460df9a9b1c2982190d0a2612eae80368718e1943
